
Microsoft Visual Studio Solution File, Format Version 12.00
Project("{FAE04EC0-301F-11D3-BF4B-00C04F79EFBC}") = "ASP.NETCoreWebApplication1", "ASP.NETCoreWebApplication1\ASP.NETCoreWebApplication1.csproj", "{F7436DC2-8640-49CE-9C91-159E9D00B527}"
EndProject
Global
	GlobalSection(SolutionConfigurationPlatforms) = preSolution
		Debug|Any CPU = Debug|Any CPU
		Release|Any CPU = Release|Any CPU
	EndGlobalSection
	GlobalSection(ProjectConfigurationPlatforms) = postSolution
		{F7436DC2-8640-49CE-9C91-159E9D00B527}.Debug|Any CPU.ActiveCfg = Debug|Any CPU
		{F7436DC2-8640-49CE-9C91-159E9D00B527}.Debug|Any CPU.Build.0 = Debug|Any CPU
		{F7436DC2-8640-49CE-9C91-159E9D00B527}.Release|Any CPU.ActiveCfg = Release|Any CPU
		{F7436DC2-8640-49CE-9C91-159E9D00B527}.Release|Any CPU.Build.0 = Release|Any CPU
	EndGlobalSection
EndGlobal
